// !$*UTF8*$!
{
	archiveVersion = 1;
	classes = {
	};
	objectVersion = 50;
	objects = {

/* Begin PBXBuildFile section */
		C83A836F2434AF0200461DCC /* AppDelegate.swift in Sources */ = {isa = PBXBuildFile; fileRef = C83A836E2434AF0200461DCC /* AppDelegate.swift */; };
		C83A83712434AF0200461DCC /* SceneDelegate.swift in Sources */ = {isa = PBXBuildFile; fileRef = C83A83702434AF0200461DCC /* SceneDelegate.swift */; };
		C83A83732434AF0200461DCC /* ViewController.swift in Sources */ = {isa = PBXBuildFile; fileRef = C83A83722434AF0200461DCC /* ViewController.swift */; };
		C83A83762434AF0200461DCC /* Main.storyboard in Resources */ = {isa = PBXBuildFile; fileRef = C83A83742434AF0200461DCC /* Main.storyboard */; };
		C83A83782434AF1400461DCC /* Assets.xcassets in Resources */ = {isa = PBXBuildFile; fileRef = C83A83772434AF1400461DCC /* Assets.xcassets */; };
		C83A837B2434AF1400461DCC /* LaunchScreen.storyboard in Resources */ = {isa = PBXBuildFile; fileRef = C83A83792434AF1400461DCC /* LaunchScreen.storyboard */; };
		C83A83862434AF1500461DCC /* ImagePickerTests.swift in Sources */ = {isa = PBXBuildFile; fileRef = C83A83852434AF1500461DCC /* ImagePickerTests.swift */; };
		C83A83912434AF1500461DCC /* ImagePickerUITests.swift in Sources */ = {isa = PBXBuildFile; fileRef = C83A83902434AF1500461DCC /* ImagePickerUITests.swift */; };
		C83A839F2435E77000461DCC /* ImagePickerDelegate.swift in Sources */ = {isa = PBXBuildFile; fileRef = C83A839E2435E77000461DCC /* ImagePickerDelegate.swift */; };
/* End PBXBuildFile section */

/* Begin PBXContainerItemProxy section */
		C83A83822434AF1500461DCC /* PBXContainerItemProxy */ = {
			isa = PBXContainerItemProxy;
			containerPortal = C83A83632434AF0200461DCC /* Project object */;
			proxyType = 1;
			remoteGlobalIDString = C83A836A2434AF0200461DCC;
			remoteInfo = ImagePicker;
		};
		C83A838D2434AF1500461DCC /* PBXContainerItemProxy */ = {
			isa = PBXContainerItemProxy;
			containerPortal = C83A83632434AF0200461DCC /* Project object */;
			proxyType = 1;
			remoteGlobalIDString = C83A836A2434AF0200461DCC;
			remoteInfo = ImagePicker;
		};
/* End PBXContainerItemProxy section */

/* Begin PBXFileReference section */
		C83A836B2434AF0200461DCC /* ImagePicker.app */ = {isa = PBXFileReference; explicitFileType = wrapper.application; includeInIndex = 0; path = ImagePicker.app; sourceTree = BUILT_PRODUCTS_DIR; };
		C83A836E2434AF0200461DCC /* AppDelegate.swift */ = {isa = PBXFileReference; lastKnownFileType = sourcecode.swift; path = AppDelegate.swift; sourceTree = "<group>"; };
		C83A83702434AF0200461DCC /* SceneDelegate.swift */ = {isa = PBXFileReference; lastKnownFileType = sourcecode.swift; path = SceneDelegate.swift; sourceTree = "<group>"; };
		C83A83722434AF0200461DCC /* ViewController.swift */ = {isa = PBXFileReference; lastKnownFileType = sourcecode.swift; path = ViewController.swift; sourceTree = "<group>"; };
		C83A83752434AF0200461DCC /* Base */ = {isa = PBXFileReference; lastKnownFileType = file.storyboard; name = Base; path = Base.lproj/Main.storyboard; sourceTree = "<group>"; };
		C83A83772434AF1400461DCC /* Assets.xcassets */ = {isa = PBXFileReference; lastKnownFileType = folder.assetcatalog; path = Assets.xcassets; sourceTree = "<group>"; };
		C83A837A2434AF1400461DCC /* Base */ = {isa = PBXFileReference; lastKnownFileType = file.storyboard; name = Base; path = Base.lproj/LaunchScreen.storyboard; sourceTree = "<group>"; };
		C83A837C2434AF1400461DCC /* Info.plist */ = {isa = PBXFileReference; lastKnownFileType = text.plist.xml; path = Info.plist; sourceTree = "<group>"; };
		C83A83812434AF1500461DCC /* ImagePickerTests.xctest */ = {isa = PBXFileReference; explicitFileType = wrapper.cfbundle; includeInIndex = 0; path = ImagePickerTests.xctest; sourceTree = BUILT_PRODUCTS_DIR; };
		C83A83852434AF1500461DCC /* ImagePickerTests.swift */ = {isa = PBXFileReference; lastKnownFileType = sourcecode.swift; path = ImagePickerTests.swift; sourceTree = "<group>"; };
		C83A83872434AF1500461DCC /* Info.plist */ = {isa = PBXFileReference; lastKnownFileType = text.plist.xml; path = Info.plist; sourceTree = "<group>"; };
		C83A838C2434AF1500461DCC /* ImagePickerUITests.xctest */ = {isa = PBXFileReference; explicitFileType = wrapper.cfbundle; includeInIndex = 0; path = ImagePickerUITests.xctest; sourceTree = BUILT_PRODUCTS_DIR; };
		C83A83902434AF1500461DCC /* ImagePickerUITests.swift */ = {isa = PBXFileReference; lastKnownFileType = sourcecode.swift; path = ImagePickerUITests.swift; sourceTree = "<group>"; };
		C83A83922434AF1500461DCC /* Info.plist */ = {isa = PBXFileReference; lastKnownFileType = text.plist.xml; path = Info.plist; sourceTree = "<group>"; };
		C83A839E2435E77000461DCC /* ImagePickerDelegate.swift */ = {isa = PBXFileReference; lastKnownFileType = sourcecode.swift; path = ImagePickerDelegate.swift; sourceTree = "<group>"; };
/* End PBXFileReference section */

/* Begin PBXFrameworksBuildPhase section */
		C83A83682434AF0200461DCC /* Frameworks */ = {
			isa = PBXFrameworksBuildPhase;
			buildActionMask = 2147483647;
			files = (
			);
			runOnlyForDeploymentPostprocessing = 0;
		};
		C83A837E2434AF1500461DCC /* Frameworks */ = {
			isa = PBXFrameworksBuildPhase;
			buildActionMask = 2147483647;
			files = (
			);
			runOnlyForDeploymentPostprocessing = 0;
		};
		C83A83892434AF1500461DCC /* Frameworks */ = {
			isa = PBXFrameworksBuildPhase;
			buildActionMask = 2147483647;
			files = (
			);
			runOnlyForDeploymentPostprocessing = 0;
		};
/* End PBXFrameworksBuildPhase section */

/* Begin PBXGroup section */
		C83A83622434AF0100461DCC = {
			isa = PBXGroup;
			children = (
				C83A836D2434AF0200461DCC /* ImagePicker */,
				C83A83842434AF1500461DCC /* ImagePickerTests */,
				C83A838F2434AF1500461DCC /* ImagePickerUITests */,
				C83A836C2434AF0200461DCC /* Products */,
			);
			sourceTree = "<group>";
		};
		C83A836C2434AF0200461DCC /* Products */ = {
			isa = PBXGroup;
			children = (
				C83A836B2434AF0200461DCC /* ImagePicker.app */,
				C83A83812434AF1500461DCC /* ImagePickerTests.xctest */,
				C83A838C2434AF1500461DCC /* ImagePickerUITests.xctest */,
			);
			name = Products;
			sourceTree = "<group>";
		};
		C83A836D2434AF0200461DCC /* ImagePicker */ = {
			isa = PBXGroup;
			children = (
				C83A836E2434AF0200461DCC /* AppDelegate.swift */,
				C83A83702434AF0200461DCC /* SceneDelegate.swift */,
				C83A83722434AF0200461DCC /* ViewController.swift */,
				C83A83742434AF0200461DCC /* Main.storyboard */,
				C83A83772434AF1400461DCC /* Assets.xcassets */,
				C83A83792434AF1400461DCC /* LaunchScreen.storyboard */,
				C83A837C2434AF1400461DCC /* Info.plist */,
				C83A839E2435E77000461DCC /* ImagePickerDelegate.swift */,
			);
			path = ImagePicker;
			sourceTree = "<group>";
		};
		C83A83842434AF1500461DCC /* ImagePickerTests */ = {
			isa = PBXGroup;
			children = (
				C83A83852434AF1500461DCC /* ImagePickerTests.swift */,
				C83A83872434AF1500461DCC /* Info.plist */,
			);
			path = ImagePickerTests;
			sourceTree = "<group>";
		};
		C83A838F2434AF1500461DCC /* ImagePickerUITests */ = {
			isa = PBXGroup;
			children = (
				C83A83902434AF1500461DCC /* ImagePickerUITests.swift */,
				C83A83922434AF1500461DCC /* Info.plist */,
			);
			path = ImagePickerUITests;
			sourceTree = "<group>";
		};
/* End PBXGroup section */

/* Begin PBXNativeTarget section */
		C83A836A2434AF0200461DCC /* ImagePicker */ = {
			isa = PBXNativeTarget;
			buildConfigurationList = C83A83952434AF1500461DCC /* Build configuration list for PBXNativeTarget "ImagePicker" */;
			buildPhases = (
				C83A83672434AF0200461DCC /* Sources */,
				C83A83682434AF0200461DCC /* Frameworks */,
				C83A83692434AF0200461DCC /* Resources */,
			);
			buildRules = (
			);
			dependencies = (
			);
			name = ImagePicker;
			productName = ImagePicker;
			productReference = C83A836B2434AF0200461DCC /* ImagePicker.app */;
			productType = "com.apple.product-type.application";
		};
		C83A83802434AF1500461DCC /* ImagePickerTests */ = {
			isa = PBXNativeTarget;
			buildConfigurationList = C83A83982434AF1500461DCC /* Build configuration list for PBXNativeTarget "ImagePickerTests" */;
			buildPhases = (
				C83A837D2434AF1500461DCC /* Sources */,
				C83A837E2434AF1500461DCC /* Frameworks */,
				C83A837F2434AF1500461DCC /* Resources */,
			);
			buildRules = (
			);
			dependencies = (
				C83A83832434AF1500461DCC /* PBXTargetDependency */,
			);
			name = ImagePickerTests;
			productName = ImagePickerTests;
			productReference = C83A83812434AF1500461DCC /* ImagePickerTests.xctest */;
			productType = "com.apple.product-type.bundle.unit-test";
		};
		C83A838B2434AF1500461DCC /* ImagePickerUITests */ = {
			isa = PBXNativeTarget;
			buildConfigurationList = C83A839B2434AF1500461DCC /* Build configuration list for PBXNativeTarget "ImagePickerUITests" */;
			buildPhases = (
				C83A83882434AF1500461DCC /* Sources */,
				C83A83892434AF1500461DCC /* Frameworks */,
				C83A838A2434AF1500461DCC /* Resources */,
			);
			buildRules = (
			);
			dependencies = (
				C83A838E2434AF1500461DCC /* PBXTargetDependency */,
			);
			name = ImagePickerUITests;
			productName = ImagePickerUITests;
			productReference = C83A838C2434AF1500461DCC /* ImagePickerUITests.xctest */;
			productType = "com.apple.product-type.bundle.ui-testing";
		};
/* End PBXNativeTarget section */

/* Begin PBXProject section */
		C83A83632434AF0200461DCC /* Project object */ = {
			isa = PBXProject;
			attributes = {
				LastSwiftUpdateCheck = 1130;
				LastUpgradeCheck = 1130;
				ORGANIZATIONNAME = "Lorgarithmic Science";
				TargetAttributes = {
					C83A836A2434AF0200461DCC = {
						CreatedOnToolsVersion = 11.3.1;
					};
					C83A83802434AF1500461DCC = {
						CreatedOnToolsVersion = 11.3.1;
						TestTargetID = C83A836A2434AF0200461DCC;
					};
					C83A838B2434AF1500461DCC = {
						CreatedOnToolsVersion = 11.3.1;
						TestTargetID = C83A836A2434AF0200461DCC;
					};
				};
			};
			buildConfigurationList = C83A83662434AF0200461DCC /* Build configuration list for PBXProject "ImagePicker" */;
			compatibilityVersion = "Xcode 9.3";
			developmentRegion = en;
			hasScannedForEncodings = 0;
			knownRegions = (
				en,
				Base,
			);
			mainGroup = C83A83622434AF0100461DCC;
			productRefGroup = C83A836C2434AF0200461DCC /* Products */;
			projectDirPath = "";
			projectRoot = "";
			targets = (
				C83A836A2434AF0200461DCC /* ImagePicker */,
				C83A83802434AF1500461DCC /* ImagePickerTests */,
				C83A838B2434AF1500461DCC /* ImagePickerUITests */,
			);
		};
/* End PBXProject section */

/* Begin PBXResourcesBuildPhase section */
		C83A83692434AF0200461DCC /* Resources */ = {
			isa = PBXResourcesBuildPhase;
			buildActionMask = 2147483647;
			files = (
				C83A837B2434AF1400461DCC /* LaunchScreen.storyboard in Resources */,
				C83A83782434AF1400461DCC /* Assets.xcassets in Resources */,
				C83A83762434AF0200461DCC /* Main.storyboard in Resources */,
			);
			runOnlyForDeploymentPostprocessing = 0;
		};
		C83A837F2434AF1500461DCC /* Resources */ = {
			isa = PBXResourcesBuildPhase;
			buildActionMask = 2147483647;
			files = (
			);
			runOnlyForDeploymentPostprocessing = 0;
		};
		C83A838A2434AF1500461DCC /* Resources */ = {
			isa = PBXResourcesBuildPhase;
			buildActionMask = 2147483647;
			files = (
			);
			runOnlyForDeploymentPostprocessing = 0;
		};
/* End PBXResourcesBuildPhase section */

/* Begin PBXSourcesBuildPhase section */
		C83A83672434AF0200461DCC /* Sources */ = {
			isa = PBXSourcesBuildPhase;
			buildActionMask = 2147483647;
			files = (
				C83A839F2435E77000461DCC /* ImagePickerDelegate.swift in Sources */,
				C83A83732434AF0200461DCC /* ViewController.swift in Sources */,
				C83A836F2434AF0200461DCC /* AppDelegate.swift in Sources */,
				C83A83712434AF0200461DCC /* SceneDelegate.swift in Sources */,
			);
			runOnlyForDeploymentPostprocessing = 0;
		};
		C83A837D2434AF1500461DCC /* Sources */ = {
			isa = PBXSourcesBuildPhase;
			buildActionMask = 2147483647;
			files = (
				C83A83862434AF1500461DCC /* ImagePickerTests.swift in Sources */,
			);
			runOnlyForDeploymentPostprocessing = 0;
		};
		C83A83882434AF1500461DCC /* Sources */ = {
			isa = PBXSourcesBuildPhase;
			buildActionMask = 2147483647;
			files = (
				C83A83912434AF1500461DCC /* ImagePickerUITests.swift in Sources */,
			);
			runOnlyForDeploymentPostprocessing = 0;
		};
/* End PBXSourcesBuildPhase section */

/* Begin PBXTargetDependency section */
		C83A83832434AF1500461DCC /* PBXTargetDependency */ = {
			isa = PBXTargetDependency;
			target = C83A836A2434AF0200461DCC /* ImagePicker */;
			targetProxy = C83A83822434AF1500461DCC /* PBXContainerItemProxy */;
		};
		C83A838E2434AF1500461DCC /* PBXTargetDependency */ = {
			isa = PBXTargetDependency;
			target = C83A836A2434AF0200461DCC /* ImagePicker */;
			targetProxy = C83A838D2434AF1500461DCC /* PBXContainerItemProxy */;
		};
/* End PBXTargetDependency section */

/* Begin PBXVariantGroup section */
		C83A83742434AF0200461DCC /* Main.storyboard */ = {
			isa = PBXVariantGroup;
			children = (
				C83A83752434AF0200461DCC /* Base */,
			);
			name = Main.storyboard;
			sourceTree = "<group>";
		};
		C83A83792434AF1400461DCC /* LaunchScreen.storyboard */ = {
			isa = PBXVariantGroup;
			children = (
				C83A837A2434AF1400461DCC /* Base */,
			);
			name = LaunchScreen.storyboard;
			sourceTree = "<group>";
		};
/* End PBXVariantGroup section */

/* Begin XCBuildConfiguration section */
		C83A83932434AF1500461DCC /* Debug */ = {
			isa = XCBuildConfiguration;
			buildSettings = {
				ALWAYS_SEARCH_USER_PATHS = NO;
				CLANG_ANALYZER_NONNULL = YES;
				CLANG_ANALYZER_NUMBER_OBJECT_CONVERSION = YES_AGGRESSIVE;
				CLANG_CXX_LANGUAGE_STANDARD = "gnu++14";
				CLANG_CXX_LIBRARY = "libc++";
				CLANG_ENABLE_MODULES = YES;
				CLANG_ENABLE_OBJC_ARC = YES;
				CLANG_ENABLE_OBJC_WEAK = YES;
				CLANG_WARN_BLOCK_CAPTURE_AUTORELEASING = YES;
				CLANG_WARN_BOOL_CONVERSION = YES;
				CLANG_WARN_COMMA = YES;
				CLANG_WARN_CONSTANT_CONVERSION = YES;
				CLANG_WARN_DEPRECATED_OBJC_IMPLEMENTATIONS = YES;
				CLANG_WARN_DIRECT_OBJC_ISA_USAGE = YES_ERROR;
				CLANG_WARN_DOCUMENTATION_COMMENTS = YES;
				CLANG_WARN_EMPTY_BODY = YES;
				CLANG_WARN_ENUM_CONVERSION = YES;
				CLANG_WARN_INFINITE_RECURSION = YES;
				CLANG_WARN_INT_CONVERSION = YES;
				CLANG_WARN_NON_LITERAL_NULL_CONVERSION = YES;
				CLANG_WARN_OBJC_IMPLICIT_RETAIN_SELF = YES;
				CLANG_WARN_OBJC_LITERAL_CONVERSION = YES;
				CLANG_WARN_OBJC_ROOT_CLASS = YES_ERROR;
				CLANG_WARN_RANGE_LOOP_ANALYSIS = YES;
				CLANG_WARN_STRICT_PROTOTYPES = YES;
				CLANG_WARN_SUSPICIOUS_MOVE = YES;
				CLANG_WARN_UNGUARDED_AVAILABILITY = YES_AGGRESSIVE;
				CLANG_WARN_UNREACHABLE_CODE = YES;
				CLANG_WARN__DUPLICATE_METHOD_MATCH = YES;
				COPY_PHASE_STRIP = NO;
				DEBUG_INFORMATION_FORMAT = dwarf;
				ENABLE_STRICT_OBJC_MSGSEND = YES;
				ENABLE_TESTABILITY = YES;
				GCC_C_LANGUAGE_STANDARD = gnu11;
				GCC_DYNAMIC_NO_PIC = NO;
				GCC_NO_COMMON_BLOCKS = YES;
				GCC_OPTIMIZATION_LEVEL = 0;
				GCC_PREPROCESSOR_DEFINITIONS = (
					"DEBUG=1",
					"$(inherited)",
				);
				GCC_WARN_64_TO_32_BIT_CONVERSION = YES;
				GCC_WARN_ABOUT_RETURN_TYPE = YES_ERROR;
				GCC_WARN_UNDECLARED_SELECTOR = YES;
				GCC_WARN_UNINITIALIZED_AUTOS = YES_AGGRESSIVE;
				GCC_WARN_UNUSED_FUNCTION = YES;
				GCC_WARN_UNUSED_VARIABLE = YES;
				IPHONEOS_DEPLOYMENT_TARGET = 13.2;
				MTL_ENABLE_DEBUG_INFO = INCLUDE_SOURCE;
				MTL_FAST_MATH = YES;
				ONLY_ACTIVE_ARCH = YES;
				SDKROOT = iphoneos;
				SWIFT_ACTIVE_COMPILATION_CONDITIONS = DEBUG;
				SWIFT_OPTIMIZATION_LEVEL = "-Onone";
			};
			name = Debug;
		};
		C83A83942434AF1500461DCC /* Release */ = {
			isa = XCBuildConfiguration;
			buildSettings = {
				ALWAYS_SEARCH_USER_PATHS = NO;
				CLANG_ANALYZER_NONNULL = YES;
				CLANG_ANALYZER_NUMBER_OBJECT_CONVERSION = YES_AGGRESSIVE;
				CLANG_CXX_LANGUAGE_STANDARD = "gnu++14";
				CLANG_CXX_LIBRARY = "libc++";
				CLANG_ENABLE_MODULES = YES;
				CLANG_ENABLE_OBJC_ARC = YES;
				CLANG_ENABLE_OBJC_WEAK = YES;
				CLANG_WARN_BLOCK_CAPTURE_AUTORELEASING = YES;
				CLANG_WARN_BOOL_CONVERSION = YES;
				CLANG_WARN_COMMA = YES;
				CLANG_WARN_CONSTANT_CONVERSION = YES;
				CLANG_WARN_DEPRECATED_OBJC_IMPLEMENTATIONS = YES;
				CLANG_WARN_DIRECT_OBJC_ISA_USAGE = YES_ERROR;
				CLANG_WARN_DOCUMENTATION_COMMENTS = YES;
				CLANG_WARN_EMPTY_BODY = YES;
				CLANG_WARN_ENUM_CONVERSION = YES;
				CLANG_WARN_INFINITE_RECURSION = YES;
				CLANG_WARN_INT_CONVERSION = YES;
				CLANG_WARN_NON_LITERAL_NULL_CONVERSION = YES;
				CLANG_WARN_OBJC_IMPLICIT_RETAIN_SELF = YES;
				CLANG_WARN_OBJC_LITERAL_CONVERSION = YES;
				CLANG_WARN_OBJC_ROOT_CLASS = YES_ERROR;
				CLANG_WARN_RANGE_LOOP_ANALYSIS = YES;
				CLANG_WARN_STRICT_PROTOTYPES = YES;
				CLANG_WARN_SUSPICIOUS_MOVE = YES;
				CLANG_WARN_UNGUARDED_AVAILABILITY = YES_AGGRESSIVE;
				CLANG_WARN_UNREACHABLE_CODE = YES;
				CLANG_WARN__DUPLICATE_METHOD_MATCH = YES;
				COPY_PHASE_STRIP = NO;
				DEBUG_INFORMATION_FORMAT = "dwarf-with-dsym";
				ENABLE_NS_ASSERTIONS = NO;
				ENABLE_STRICT_OBJC_MSGSEND = YES;
				GCC_C_LANGUAGE_STANDARD = gnu11;
				GCC_NO_COMMON_BLOCKS = YES;
				GCC_WARN_64_TO_32_BIT_CONVERSION = YES;
				GCC_WARN_ABOUT_RETURN_TYPE = YES_ERROR;
				GCC_WARN_UNDECLARED_SELECTOR = YES;
				GCC_WARN_UNINITIALIZED_AUTOS = YES_AGGRESSIVE;
				GCC_WARN_UNUSED_FUNCTION = YES;
				GCC_WARN_UNUSED_VARIABLE = YES;
				IPHONEOS_DEPLOYMENT_TARGET = 13.2;
				MTL_ENABLE_DEBUG_INFO = NO;
				MTL_FAST_MATH = YES;
				SDKROOT = iphoneos;
				SWIFT_COMPILATION_MODE = wholemodule;
				SWIFT_OPTIMIZATION_LEVEL = "-O";
				VALIDATE_PRODUCT = YES;
			};
			name = Release;
		};
		C83A83962434AF1500461DCC /* Debug */ = {
			isa = XCBuildConfiguration;
			buildSettings = {
				ASSETCATALOG_COMPILER_APPICON_NAME = AppIcon;
				CODE_SIGN_STYLE = Automatic;
				INFOPLIST_FILE = ImagePicker/Info.plist;
				LD_RUNPATH_SEARCH_PATHS = (
					"$(inherited)",
					"@executable_path/Frameworks",
				);
				PRODUCT_BUNDLE_IDENTIFIER = science.logarithmic.ImagePicker;
				PRODUCT_NAME = "$(TARGET_NAME)";
				SWIFT_VERSION = 5.0;
				TARGETED_DEVICE_FAMILY = "1,2";
			};
			name = Debug;
		};
		C83A83972434AF1500461DCC /* Release */ = {
			isa = XCBuildConfiguration;
			buildSettings = {
				ASSETCATALOG_COMPILER_APPICON_NAME = AppIcon;
				CODE_SIGN_STYLE = Automatic;
				INFOPLIST_FILE = ImagePicker/Info.plist;
				LD_RUNPATH_SEARCH_PATHS = (
					"$(inherited)",
					"@executable_path/Frameworks",
				);
				PRODUCT_BUNDLE_IDENTIFIER = science.logarithmic.ImagePicker;
				PRODUCT_NAME = "$(TARGET_NAME)";
				SWIFT_VERSION = 5.0;
				TARGETED_DEVICE_FAMILY = "1,2";
			};
			name = Release;
		};
		C83A83992434AF1500461DCC /* Debug */ = {
			isa = XCBuildConfiguration;
			buildSettings = {
				ALWAYS_EMBED_SWIFT_STANDARD_LIBRARIES = YES;
				BUNDLE_LOADER = "$(TEST_HOST)";
				CODE_SIGN_STYLE = Automatic;
				INFOPLIST_FILE = ImagePickerTests/Info.plist;
				IPHONEOS_DEPLOYMENT_TARGET = 13.2;
				LD_RUNPATH_SEARCH_PATHS = (
					"$(inherited)",
					"@executable_path/Frameworks",
					"@loader_path/Frameworks",
				);
				PRODUCT_BUNDLE_IDENTIFIER = science.logarithmic.ImagePickerTests;
				PRODUCT_NAME = "$(TARGET_NAME)";
				SWIFT_VERSION = 5.0;
				TARGETED_DEVICE_FAMILY = "1,2";
				TEST_HOST = "$(BUILT_PRODUCTS_DIR)/ImagePicker.app/ImagePicker";
			};
			name = Debug;
		};
		C83A839A2434AF1500461DCC /* Release */ = {
			isa = XCBuildConfiguration;
			buildSettings = {
				ALWAYS_EMBED_SWIFT_STANDARD_LIBRARIES = YES;
				BUNDLE_LOADER = "$(TEST_HOST)";
				CODE_SIGN_STYLE = Automatic;
				INFOPLIST_FILE = ImagePickerTests/Info.plist;
				IPHONEOS_DEPLOYMENT_TARGET = 13.2;
				LD_RUNPATH_SEARCH_PATHS = (
					"$(inherited)",
					"@executable_path/Frameworks",
					"@loader_path/Frameworks",
				);
				PRODUCT_BUNDLE_IDENTIFIER = science.logarithmic.ImagePickerTests;
				PRODUCT_NAME = "$(TARGET_NAME)";
				SWIFT_VERSION = 5.0;
				TARGETED_DEVICE_FAMILY = "1,2";
				TEST_HOST = "$(BUILT_PRODUCTS_DIR)/ImagePicker.app/ImagePicker";
			};
			name = Release;
		};
		C83A839C2434AF1500461DCC /* Debug */ = {
			isa = XCBuildConfiguration;
			buildSettings = {
				ALWAYS_EMBED_SWIFT_STANDARD_LIBRARIES = YES;
				CODE_SIGN_STYLE = Automatic;
				INFOPLIST_FILE = ImagePickerUITests/Info.plist;
				LD_RUNPATH_SEARCH_PATHS = (
					"$(inherited)",
					"@executable_path/Frameworks",
					"@loader_path/Frameworks",
				);
				PRODUCT_BUNDLE_IDENTIFIER = science.logarithmic.ImagePickerUITests;
				PRODUCT_NAME = "$(TARGET_NAME)";
				SWIFT_VERSION = 5.0;
				TARGETED_DEVICE_FAMILY = "1,2";
				TEST_TARGET_NAME = ImagePicker;
			};
			name = Debug;
		};
		C83A839D2434AF1500461DCC /* Release */ = {
			isa = XCBuildConfiguration;
			buildSettings = {
				ALWAYS_EMBED_SWIFT_STANDARD_LIBRARIES = YES;
				CODE_SIGN_STYLE = Automatic;
				INFOPLIST_FILE = ImagePickerUITests/Info.plist;
				LD_RUNPATH_SEARCH_PATHS = (
					"$(inherited)",
					"@executable_path/Frameworks",
					"@loader_path/Frameworks",
				);
				PRODUCT_BUNDLE_IDENTIFIER = science.logarithmic.ImagePickerUITests;
				PRODUCT_NAME = "$(TARGET_NAME)";
				SWIFT_VERSION = 5.0;
				TARGETED_DEVICE_FAMILY = "1,2";
				TEST_TARGET_NAME = ImagePicker;
			};
			name = Release;
		};
/* End XCBuildConfiguration section */

/* Begin XCConfigurationList section */
		C83A83662434AF0200461DCC /* Build configuration list for PBXProject "ImagePicker" */ = {
			isa = XCConfigurationList;
			buildConfigurations = (
				C83A83932434AF1500461DCC /* Debug */,
				C83A83942434AF1500461DCC /* Release */,
			);
			defaultConfigurationIsVisible = 0;
			defaultConfigurationName = Release;
		};
		C83A83952434AF1500461DCC /* Build configuration list for PBXNativeTarget "ImagePicker" */ = {
			isa = XCConfigurationList;
			buildConfigurations = (
				C83A83962434AF1500461DCC /* Debug */,
				C83A83972434AF1500461DCC /* Release */,
			);
			defaultConfigurationIsVisible = 0;
			defaultConfigurationName = Release;
		};
		C83A83982434AF1500461DCC /* Build configuration list for PBXNativeTarget "ImagePickerTests" */ = {
			isa = XCConfigurationList;
			buildConfigurations = (
				C83A83992434AF1500461DCC /* Debug */,
				C83A839A2434AF1500461DCC /* Release */,
			);
			defaultConfigurationIsVisible = 0;
			defaultConfigurationName = Release;
		};
		C83A839B2434AF1500461DCC /* Build configuration list for PBXNativeTarget "ImagePickerUITests" */ = {
			isa = XCConfigurationList;
			buildConfigurations = (
				C83A839C2434AF1500461DCC /* Debug */,
				C83A839D2434AF1500461DCC /* Release */,
			);
			defaultConfigurationIsVisible = 0;
			defaultConfigurationName = Release;
		};
/* End XCConfigurationList section */
	};
	rootObject = C83A83632434AF0200461DCC /* Project object */;
}
